
Microsoft Visual Studio Solution File, Format Version 12.00
# Visual Studio Version 16
VisualStudioVersion = 16.0.32413.511
MinimumVisualStudioVersion = 10.0.40219.1
Project("{FAE04EC0-301F-11D3-BF4B-00C04F79EFBC}") = "OnlineTicketSystem", "OnlineTicketSystem.csproj", "{540D8D5F-5491-4350-B135-1EEE4F16F5F9}"
EndProject
Global
	GlobalSection(SolutionConfigurationPlatforms) = preSolution
		Debug|Any CPU = Debug|Any CPU
		Release|Any CPU = Release|Any CPU
	EndGlobalSection
	GlobalSection(ProjectConfigurationPlatforms) = postSolution
		{540D8D5F-5491-4350-B135-1EEE4F16F5F9}.Debug|Any CPU.ActiveCfg = Debug|Any CPU
		{540D8D5F-5491-4350-B135-1EEE4F16F5F9}.Debug|Any CPU.Build.0 = Debug|Any CPU
		{540D8D5F-5491-4350-B135-1EEE4F16F5F9}.Release|Any CPU.ActiveCfg = Release|Any CPU
		{540D8D5F-5491-4350-B135-1EEE4F16F5F9}.Release|Any CPU.Build.0 = Release|Any CPU
	EndGlobalSection
	GlobalSection(SolutionProperties) = preSolution
		HideSolutionNode = FALSE
	EndGlobalSection
	GlobalSection(ExtensibilityGlobals) = postSolution
		SolutionGuid = {97C1B153-413C-4FFC-AA09-B831E24A43C1}
	EndGlobalSection
EndGlobal
